
Microsoft Visual Studio Solution File, Format Version 12.00
# Visual Studio 15
VisualStudioVersion = 15.0.27004.2010
MinimumVisualStudioVersion = 10.0.40219.1
Project("{FAE04EC0-301F-11D3-BF4B-00C04F79EFBC}") = "IndexCard", "IndexCard\IndexCard.csproj", "{C978DB6A-800D-419A-A76C-AA40BD1F803C}"
EndProject
Project("{FAE04EC0-301F-11D3-BF4B-00C04F79EFBC}") = "IndexCard.Tests", "IndexCard.Tests\IndexCard.Tests.csproj", "{F9BF5AD2-5FDB-4BD9-A314-1DF1FB103A47}"
EndProject
Global
	GlobalSection(SolutionConfigurationPlatforms) = preSolution
		Debug|Any CPU = Debug|Any CPU
		Release|Any CPU = Release|Any CPU
	EndGlobalSection
	GlobalSection(ProjectConfigurationPlatforms) = postSolution
		{C978DB6A-800D-419A-A76C-AA40BD1F803C}.Debug|Any CPU.ActiveCfg = Debug|Any CPU
		{C978DB6A-800D-419A-A76C-AA40BD1F803C}.Debug|Any CPU.Build.0 = Debug|Any CPU
		{C978DB6A-800D-419A-A76C-AA40BD1F803C}.Release|Any CPU.ActiveCfg = Release|Any CPU
		{C978DB6A-800D-419A-A76C-AA40BD1F803C}.Release|Any CPU.Build.0 = Release|Any CPU
		{F9BF5AD2-5FDB-4BD9-A314-1DF1FB103A47}.Debug|Any CPU.ActiveCfg = Debug|Any CPU
		{F9BF5AD2-5FDB-4BD9-A314-1DF1FB103A47}.Debug|Any CPU.Build.0 = Debug|Any CPU
		{F9BF5AD2-5FDB-4BD9-A314-1DF1FB103A47}.Release|Any CPU.ActiveCfg = Release|Any CPU
		{F9BF5AD2-5FDB-4BD9-A314-1DF1FB103A47}.Release|Any CPU.Build.0 = Release|Any CPU
	EndGlobalSection
	GlobalSection(SolutionProperties) = preSolution
		HideSolutionNode = FALSE
	EndGlobalSection
	GlobalSection(ExtensibilityGlobals) = postSolution
		SolutionGuid = {8E0B2593-D77C-40B6-9324-0A74C87E8069}
	EndGlobalSection
EndGlobal
